
Microsoft Visual Studio Solution File, Format Version 12.00
# Visual Studio Version 16
VisualStudioVersion = 16.0.30225.117
MinimumVisualStudioVersion = 10.0.40219.1
Project("{9A19103F-16F7-4668-BE54-9A1E7A4F7556}") = "TemplateMVVMBasicsWpf", "TemplateMVVMBasicsWpf\TemplateMVVMBasicsWpf.csproj", "{7F995151-0088-4C4A-90BC-C29F775D89A7}"
EndProject
Project("{9A19103F-16F7-4668-BE54-9A1E7A4F7556}") = "TemplateMVVMBasicsWpf.Core", "TemplateMVVMBasicsWpf.Core\TemplateMVVMBasicsWpf.Core.csproj", "{24E6C2A6-06D6-4F89-BC7D-6D8681D54F52}"
EndProject
Global
	GlobalSection(SolutionConfigurationPlatforms) = preSolution
		Debug|Any CPU = Debug|Any CPU
		Release|Any CPU = Release|Any CPU
	EndGlobalSection
	GlobalSection(ProjectConfigurationPlatforms) = postSolution
		{7F995151-0088-4C4A-90BC-C29F775D89A7}.Debug|Any CPU.ActiveCfg = Debug|Any CPU
		{7F995151-0088-4C4A-90BC-C29F775D89A7}.Debug|Any CPU.Build.0 = Debug|Any CPU
		{7F995151-0088-4C4A-90BC-C29F775D89A7}.Release|Any CPU.ActiveCfg = Release|Any CPU
		{7F995151-0088-4C4A-90BC-C29F775D89A7}.Release|Any CPU.Build.0 = Release|Any CPU
		{24E6C2A6-06D6-4F89-BC7D-6D8681D54F52}.Debug|Any CPU.ActiveCfg = Debug|Any CPU
		{24E6C2A6-06D6-4F89-BC7D-6D8681D54F52}.Debug|Any CPU.Build.0 = Debug|Any CPU
		{24E6C2A6-06D6-4F89-BC7D-6D8681D54F52}.Release|Any CPU.ActiveCfg = Release|Any CPU
		{24E6C2A6-06D6-4F89-BC7D-6D8681D54F52}.Release|Any CPU.Build.0 = Release|Any CPU
	EndGlobalSection
	GlobalSection(SolutionProperties) = preSolution
		HideSolutionNode = FALSE
	EndGlobalSection
	GlobalSection(ExtensibilityGlobals) = postSolution
		SolutionGuid = {E3BDA8E6-3170-4591-BC62-700AAF6AD5A0}
	EndGlobalSection
EndGlobal
